{
  "name": "B",
  "version": "1.0.0",
  "lockfileVersion": 3,
  "requires": true,
  "packages": {
    "": {
      "name": "B",
      "version": "1.0.0",
      "dependencies": {
        "A": "file:../A"
      }
    },
    "../A": {
      "version": "1.0.0"
    },
    "node_modules/A": {
      "resolved": "../A",
      "link": true
    }
  }
}
